{
  "version": 4,
  "terraform_version": "1.3.7",
  "serial": 10,
  "lineage": "65ff4cf7-6976-e53e-666e-544153ed3385",
  "outputs": {},
  "resources": [
    {
      "mode": "managed",
      "type": "newrelic_one_dashboard",
      "name": "amandashboard",
      "provider": "provider[\"registry.terraform.io/newrelic/newrelic\"]",
      "instances": [
        {
          "index_key": "aman_dashboard_1",
          "schema_version": 0,
          "attributes": {
            "account_id": 3933528,
            "description": null,
            "guid": "MzkzMzUyOHxWSVp8REFTSEJPQVJEfGRhOjM4MTYzMTQ",
            "id": "MzkzMzUyOHxWSVp8REFTSEJPQVJEfGRhOjM4MTYzMTQ",
            "name": "aman_dashboard_1",
            "page": [
              {
                "description": "",
                "guid": "MzkzMzUyOHxWSVp8REFTSEJPQVJEfDEwNjE5ODk4",
                "name": "dashboard_1_page_1",
                "widget_area": [],
                "widget_bar": [
                  {
                    "colors": [],
                    "column": 1,
                    "facet_show_other_series": false,
                    "filter_current_dashboard": false,
                    "height": 3,
                    "id": "159020693",
                    "ignore_time_range": false,
                    "legend_enabled": true,
                    "linked_entity_guids": [],
                    "nrql_query": [
                      {
                        "account_id": 3933528,
                        "query": "FROM Transaction SELECT average(duration) FACET appName"
                      }
                    ],
                    "null_values": [],
                    "row": 1,
                    "title": "Average transaction duration, by application",
                    "units": [],
                    "width": 6,
                    "y_axis_left_max": 0,
                    "y_axis_left_min": 0
                  }
                ],
                "widget_billboard": [
                  {
                    "colors": [],
                    "column": 1,
                    "critical": "",
                    "facet_show_other_series": false,
                    "height": 3,
                    "id": "159020694",
                    "ignore_time_range": false,
                    "legend_enabled": true,
                    "nrql_query": [
                      {
                        "account_id": 3933528,
                        "query": "FROM Transaction SELECT rate(count(*), 1 minute)"
                      }
                    ],
                    "null_values": [],
                    "row": 1,
                    "title": "Requests per minute",
                    "units": [],
                    "warning": "",
                    "width": 6,
                    "y_axis_left_max": 0,
                    "y_axis_left_min": 0
                  }
                ],
                "widget_bullet": [],
                "widget_funnel": [],
                "widget_heatmap": [],
                "widget_histogram": [],
                "widget_json": [],
                "widget_line": [],
                "widget_log_table": [],
                "widget_markdown": [
                  {
                    "colors": [],
                    "column": 1,
                    "facet_show_other_series": false,
                    "height": 3,
                    "id": "159020695",
                    "ignore_time_range": false,
                    "legend_enabled": true,
                    "null_values": [],
                    "row": 1,
                    "text": "### Helpful Links\n\n* [New Relic One](https://one.newrelic.com)\n* [Developer Portal](https://developer.newrelic.com)",
                    "title": "Dashboard Note",
                    "units": [],
                    "width": 6,
                    "y_axis_left_max": 0,
                    "y_axis_left_min": 0
                  }
                ],
                "widget_pie": [],
                "widget_stacked_bar": [],
                "widget_table": []
              }
            ],
            "permalink": "https://one.newrelic.com/redirect/entity/MzkzMzUyOHxWSVp8REFTSEJPQVJEfGRhOjM4MTYzMTQ",
            "permissions": "public_read_only",
            "variable": []
          },
          "sensitive_attributes": [],
          "private": "bnVsbA=="
        },
        {
          "index_key": "aman_dashboard_2",
          "schema_version": 0,
          "attributes": {
            "account_id": 3933528,
            "description": null,
            "guid": "MzkzMzUyOHxWSVp8REFTSEJPQVJEfGRhOjM4MTYzMTU",
            "id": "MzkzMzUyOHxWSVp8REFTSEJPQVJEfGRhOjM4MTYzMTU",
            "name": "aman_dashboard_2",
            "page": [
              {
                "description": "",
                "guid": "MzkzMzUyOHxWSVp8REFTSEJPQVJEfDEwNjE5ODk5",
                "name": "dashboard_2_page_1",
                "widget_area": [],
                "widget_bar": [
                  {
                    "colors": [],
                    "column": 4,
                    "facet_show_other_series": false,
                    "filter_current_dashboard": false,
                    "height": 6,
                    "id": "159020696",
                    "ignore_time_range": false,
                    "legend_enabled": true,
                    "linked_entity_guids": [],
                    "nrql_query": [
                      {
                        "account_id": 3933528,
                        "query": "FROM Transaction SELECT average(duration) FACET appName"
                      }
                    ],
                    "null_values": [],
                    "row": 2,
                    "title": "Average transaction duration, by application",
                    "units": [],
                    "width": 7,
                    "y_axis_left_max": 0,
                    "y_axis_left_min": 0
                  }
                ],
                "widget_billboard": [
                  {
                    "colors": [],
                    "column": 4,
                    "critical": "",
                    "facet_show_other_series": false,
                    "height": 6,
                    "id": "159020697",
                    "ignore_time_range": false,
                    "legend_enabled": true,
                    "nrql_query": [
                      {
                        "account_id": 3933528,
                        "query": "FROM Transaction SELECT rate(count(*), 5 minute)"
                      }
                    ],
                    "null_values": [],
                    "row": 2,
                    "title": "Requests per minute",
                    "units": [],
                    "warning": "",
                    "width": 7,
                    "y_axis_left_max": 0,
                    "y_axis_left_min": 0
                  }
                ],
                "widget_bullet": [],
                "widget_funnel": [],
                "widget_heatmap": [],
                "widget_histogram": [],
                "widget_json": [],
                "widget_line": [],
                "widget_log_table": [],
                "widget_markdown": [
                  {
                    "colors": [],
                    "column": 4,
                    "facet_show_other_series": false,
                    "height": 6,
                    "id": "159020698",
                    "ignore_time_range": false,
                    "legend_enabled": true,
                    "null_values": [],
                    "row": 2,
                    "text": "### Helpful Links\n\n* [New Relic One](https://one.newrelic.com)\n* [Developer Portal](https://developer.newrelic.com)",
                    "title": "Dashboard Note",
                    "units": [],
                    "width": 7,
                    "y_axis_left_max": 0,
                    "y_axis_left_min": 0
                  }
                ],
                "widget_pie": [],
                "widget_stacked_bar": [],
                "widget_table": []
              }
            ],
            "permalink": "https://one.newrelic.com/redirect/entity/MzkzMzUyOHxWSVp8REFTSEJPQVJEfGRhOjM4MTYzMTU",
            "permissions": "public_read_write",
            "variable": []
          },
          "sensitive_attributes": [],
          "private": "bnVsbA=="
        }
      ]
    }
  ],
  "check_results": null
}
